
Microsoft Visual Studio Solution File, Format Version 11.00
# Visual Studio 2010
Project("{FAE04EC0-301F-11D3-BF4B-00C04F79EFBC}") = "Assembly-CSharp", "Assembly-CSharp.csproj", "{f92f13bb-89fe-d4e6-5318-e2f0471e4cc4}"
EndProject
Project("{FAE04EC0-301F-11D3-BF4B-00C04F79EFBC}") = "Assembly-CSharp-Editor", "Assembly-CSharp-Editor.csproj", "{b4a49051-73a4-965b-2103-14985ffaa2c9}"
EndProject
Global
	GlobalSection(SolutionConfigurationPlatforms) = preSolution
		Debug|Any CPU = Debug|Any CPU
		Release|Any CPU = Release|Any CPU
	EndGlobalSection
	GlobalSection(ProjectConfigurationPlatforms) = postSolution
		{f92f13bb-89fe-d4e6-5318-e2f0471e4cc4}.Debug|Any CPU.ActiveCfg = Debug|Any CPU
		{f92f13bb-89fe-d4e6-5318-e2f0471e4cc4}.Debug|Any CPU.Build.0 = Debug|Any CPU
		{f92f13bb-89fe-d4e6-5318-e2f0471e4cc4}.Release|Any CPU.ActiveCfg = Release|Any CPU
		{f92f13bb-89fe-d4e6-5318-e2f0471e4cc4}.Release|Any CPU.Build.0 = Release|Any CPU
		{b4a49051-73a4-965b-2103-14985ffaa2c9}.Debug|Any CPU.ActiveCfg = Debug|Any CPU
		{b4a49051-73a4-965b-2103-14985ffaa2c9}.Debug|Any CPU.Build.0 = Debug|Any CPU
		{b4a49051-73a4-965b-2103-14985ffaa2c9}.Release|Any CPU.ActiveCfg = Release|Any CPU
		{b4a49051-73a4-965b-2103-14985ffaa2c9}.Release|Any CPU.Build.0 = Release|Any CPU
	EndGlobalSection
	GlobalSection(SolutionProperties) = preSolution
		HideSolutionNode = FALSE
	EndGlobalSection
EndGlobal
