
Microsoft Visual Studio Solution File, Format Version 11.00
# Visual Studio 2010
Project("{FAE04EC0-301F-11D3-BF4B-00C04F79EFBC}") = "Assembly-CSharp", "Assembly-CSharp.csproj", "{c1f75288-4028-2db8-228b-d6c462d92fad}"
EndProject
Global
	GlobalSection(SolutionConfigurationPlatforms) = preSolution
		Debug|Any CPU = Debug|Any CPU
		Release|Any CPU = Release|Any CPU
	EndGlobalSection
	GlobalSection(ProjectConfigurationPlatforms) = postSolution
		{c1f75288-4028-2db8-228b-d6c462d92fad}.Debug|Any CPU.ActiveCfg = Debug|Any CPU
		{c1f75288-4028-2db8-228b-d6c462d92fad}.Debug|Any CPU.Build.0 = Debug|Any CPU
		{c1f75288-4028-2db8-228b-d6c462d92fad}.Release|Any CPU.ActiveCfg = Release|Any CPU
		{c1f75288-4028-2db8-228b-d6c462d92fad}.Release|Any CPU.Build.0 = Release|Any CPU
	EndGlobalSection
	GlobalSection(SolutionProperties) = preSolution
		HideSolutionNode = FALSE
	EndGlobalSection
EndGlobal
